{
  "version": 4,
  "terraform_version": "1.6.1",
  "serial": 1,
  "lineage": "d6240f88-f3b3-ac98-15f4-c6002bc806fb",
  "outputs": {},
  "resources": [
    {
      "mode": "data",
      "type": "azurerm_client_config",
      "name": "current",
      "provider": "provider[\"registry.terraform.io/hashicorp/azurerm\"]",
      "instances": [
        {
          "schema_version": 0,
          "attributes": {
            "client_id": "cff0b41f-1630-44ce-a249-e2cad6216189",
            "id": "Y2xpZW50Q29uZmlncy9jbGllbnRJZD1jZmYwYjQxZi0xNjMwLTQ0Y2UtYTI0OS1lMmNhZDYyMTYxODk7b2JqZWN0SWQ9ODc4MmM1ODEtNzNkZS00OTYzLWFhYjMtMDVhZWMzOTMxNTA5O3N1YnNjcmlwdGlvbklkPTVjNjYwMDBhLWYyNjAtNDRkOS04MDAwLTIzZDM5ZmE3MTYwOTt0ZW5hbnRJZD04OTFiZmUxZC0wNTJiLTRkMDQtODM2Ny03NjFiN2NkMmUxYTM=",
            "object_id": "8782c581-73de-4963-aab3-05aec3931509",
            "subscription_id": "5c66000a-f260-44d9-8000-23d39fa71609",
            "tenant_id": "891bfe1d-052b-4d04-8367-761b7cd2e1a3",
            "timeouts": null
          },
          "sensitive_attributes": []
        }
      ]
    },
    {
      "module": "module.resource_group",
      "mode": "managed",
      "type": "azurerm_resource_group",
      "name": "example",
      "provider": "provider[\"registry.terraform.io/hashicorp/azurerm\"]",
      "instances": [
        {
          "schema_version": 0,
          "attributes": {
            "id": "/subscriptions/5c66000a-f260-44d9-8000-23d39fa71609/resourceGroups/techslate-ade-rg",
            "location": "northeurope",
            "managed_by": "",
            "name": "techslate-ade-rg",
            "tags": {
              "cost": "163",
              "dept": "finance",
              "env": "dev",
              "source": "terraform"
            },
            "timeouts": null
          },
          "sensitive_attributes": [],
          "private": "eyJlMmJmYjczMC1lY2FhLTExZTYtOGY4OC0zNDM2M2JjN2M0YzAiOnsiY3JlYXRlIjo1NDAwMDAwMDAwMDAwLCJkZWxldGUiOjU0MDAwMDAwMDAwMDAsInJlYWQiOjMwMDAwMDAwMDAwMCwidXBkYXRlIjo1NDAwMDAwMDAwMDAwfX0="
        }
      ]
    }
  ],
  "check_results": null
}
