{
  "version": 4,
  "terraform_version": "1.6.1",
  "serial": 10,
  "lineage": "d6240f88-f3b3-ac98-15f4-c6002bc806fb",
  "outputs": {},
  "resources": [
    {
      "mode": "data",
      "type": "azurerm_client_config",
      "name": "current",
      "provider": "provider[\"registry.terraform.io/hashicorp/azurerm\"]",
      "instances": [
        {
          "schema_version": 0,
          "attributes": {
            "client_id": "cff0b41f-1630-44ce-a249-e2cad6216189",
            "id": "Y2xpZW50Q29uZmlncy9jbGllbnRJZD1jZmYwYjQxZi0xNjMwLTQ0Y2UtYTI0OS1lMmNhZDYyMTYxODk7b2JqZWN0SWQ9ODc4MmM1ODEtNzNkZS00OTYzLWFhYjMtMDVhZWMzOTMxNTA5O3N1YnNjcmlwdGlvbklkPTVjNjYwMDBhLWYyNjAtNDRkOS04MDAwLTIzZDM5ZmE3MTYwOTt0ZW5hbnRJZD04OTFiZmUxZC0wNTJiLTRkMDQtODM2Ny03NjFiN2NkMmUxYTM=",
            "object_id": "8782c581-73de-4963-aab3-05aec3931509",
            "subscription_id": "5c66000a-f260-44d9-8000-23d39fa71609",
            "tenant_id": "891bfe1d-052b-4d04-8367-761b7cd2e1a3",
            "timeouts": null
          },
          "sensitive_attributes": []
        }
      ]
    },
    {
      "module": "module.cosmosdb_account",
      "mode": "managed",
      "type": "azurerm_cosmosdb_account",
      "name": "db",
      "provider": "provider[\"registry.terraform.io/hashicorp/azurerm\"]",
      "instances": [
        {
          "schema_version": 0,
          "attributes": {
            "access_key_metadata_writes_enabled": true,
            "analytical_storage": [
              {
                "schema_type": "FullFidelity"
              }
            ],
            "analytical_storage_enabled": false,
            "backup": [
              {
                "interval_in_minutes": 240,
                "retention_in_hours": 8,
                "storage_redundancy": "Geo",
                "type": "Periodic"
              }
            ],
            "capabilities": [
              {
                "name": "EnableAggregationPipeline"
              },
              {
                "name": "EnableMongo"
              },
              {
                "name": "MongoDBv3.4"
              },
              {
                "name": "mongoEnableDocLevelTTL"
              }
            ],
            "capacity": [],
            "connection_strings": [
              "mongodb://shgss-ade-cosmosdb:0inTxuHNMEBL2XcC69QNhbRkZ4VHC0lsIdG7Mh8ptJeOW9L62bfDmOYWvLrAkviIxRoBJIKYXyaNACDbjkCxjw==@shgss-ade-cosmosdb.mongo.cosmos.azure.com:10255/?ssl=true\u0026replicaSet=globaldb\u0026retrywrites=false\u0026maxIdleTimeMS=120000\u0026appName=@shgss-ade-cosmosdb@",
              "mongodb://shgss-ade-cosmosdb:UDMuVZlOjWr0NPzPDHZPPctV6FbtiZeZgI5um5bpVGLRLq5ZNQy7Fuzig83fKNuEFle5YpvdD4X6ACDbDi2t7Q==@shgss-ade-cosmosdb.mongo.cosmos.azure.com:10255/?ssl=true\u0026replicaSet=globaldb\u0026retrywrites=false\u0026maxIdleTimeMS=120000\u0026appName=@shgss-ade-cosmosdb@",
              "mongodb://shgss-ade-cosmosdb:Mc8sNhLa4sjwbTPl2pvGqW5frDGFyPzt1uH3LMujyl0yT9FHKFo34a05Dh0QbPrgWAPKyuKrgZKIACDbmw1Llw==@shgss-ade-cosmosdb.mongo.cosmos.azure.com:10255/?ssl=true\u0026replicaSet=globaldb\u0026retrywrites=false\u0026maxIdleTimeMS=120000\u0026appName=@shgss-ade-cosmosdb@",
              "mongodb://shgss-ade-cosmosdb:h5kIVClMDqjAQKRkx3qMW5EJI9s2rs7db6s2ZWsU0LBbNesTdTzO7MhlLi95ONRczLbn7RH7ZDhTACDb1M0udQ==@shgss-ade-cosmosdb.mongo.cosmos.azure.com:10255/?ssl=true\u0026replicaSet=globaldb\u0026retrywrites=false\u0026maxIdleTimeMS=120000\u0026appName=@shgss-ade-cosmosdb@"
            ],
            "consistency_policy": [
              {
                "consistency_level": "BoundedStaleness",
                "max_interval_in_seconds": 300,
                "max_staleness_prefix": 100000
              }
            ],
            "cors_rule": [],
            "create_mode": "",
            "default_identity_type": "FirstPartyIdentity",
            "enable_automatic_failover": true,
            "enable_free_tier": false,
            "enable_multiple_write_locations": false,
            "endpoint": "https://shgss-ade-cosmosdb.documents.azure.com:443/",
            "geo_location": [
              {
                "failover_priority": 0,
                "id": "shgss-ade-cosmosdb-westus",
                "location": "westus",
                "zone_redundant": false
              },
              {
                "failover_priority": 1,
                "id": "shgss-ade-cosmosdb-eastus",
                "location": "eastus",
                "zone_redundant": false
              }
            ],
            "id": "/subscriptions/5c66000a-f260-44d9-8000-23d39fa71609/resourceGroups/shgss-ade-rg/providers/Microsoft.DocumentDB/databaseAccounts/shgss-ade-cosmosdb",
            "identity": [],
            "ip_range_filter": "",
            "is_virtual_network_filter_enabled": false,
            "key_vault_key_id": null,
            "kind": "MongoDB",
            "local_authentication_disabled": false,
            "location": "northeurope",
            "mongo_server_version": "3.6",
            "name": "shgss-ade-cosmosdb",
            "network_acl_bypass_for_azure_services": false,
            "network_acl_bypass_ids": null,
            "offer_type": "Standard",
            "primary_key": "0inTxuHNMEBL2XcC69QNhbRkZ4VHC0lsIdG7Mh8ptJeOW9L62bfDmOYWvLrAkviIxRoBJIKYXyaNACDbjkCxjw==",
            "primary_mongodb_connection_string": "mongodb://shgss-ade-cosmosdb:0inTxuHNMEBL2XcC69QNhbRkZ4VHC0lsIdG7Mh8ptJeOW9L62bfDmOYWvLrAkviIxRoBJIKYXyaNACDbjkCxjw==@shgss-ade-cosmosdb.mongo.cosmos.azure.com:10255/?ssl=true\u0026replicaSet=globaldb\u0026retrywrites=false\u0026maxIdleTimeMS=120000\u0026appName=@shgss-ade-cosmosdb@",
            "primary_readonly_key": "Mc8sNhLa4sjwbTPl2pvGqW5frDGFyPzt1uH3LMujyl0yT9FHKFo34a05Dh0QbPrgWAPKyuKrgZKIACDbmw1Llw==",
            "primary_readonly_mongodb_connection_string": "mongodb://shgss-ade-cosmosdb:Mc8sNhLa4sjwbTPl2pvGqW5frDGFyPzt1uH3LMujyl0yT9FHKFo34a05Dh0QbPrgWAPKyuKrgZKIACDbmw1Llw==@shgss-ade-cosmosdb.mongo.cosmos.azure.com:10255/?ssl=true\u0026replicaSet=globaldb\u0026retrywrites=false\u0026maxIdleTimeMS=120000\u0026appName=@shgss-ade-cosmosdb@",
            "primary_readonly_sql_connection_string": null,
            "primary_sql_connection_string": null,
            "public_network_access_enabled": true,
            "read_endpoints": [
              "https://shgss-ade-cosmosdb-westus.documents.azure.com:443/",
              "https://shgss-ade-cosmosdb-eastus.documents.azure.com:443/"
            ],
            "resource_group_name": "shgss-ade-rg",
            "restore": [],
            "secondary_key": "UDMuVZlOjWr0NPzPDHZPPctV6FbtiZeZgI5um5bpVGLRLq5ZNQy7Fuzig83fKNuEFle5YpvdD4X6ACDbDi2t7Q==",
            "secondary_mongodb_connection_string": "mongodb://shgss-ade-cosmosdb:UDMuVZlOjWr0NPzPDHZPPctV6FbtiZeZgI5um5bpVGLRLq5ZNQy7Fuzig83fKNuEFle5YpvdD4X6ACDbDi2t7Q==@shgss-ade-cosmosdb.mongo.cosmos.azure.com:10255/?ssl=true\u0026replicaSet=globaldb\u0026retrywrites=false\u0026maxIdleTimeMS=120000\u0026appName=@shgss-ade-cosmosdb@",
            "secondary_readonly_key": "h5kIVClMDqjAQKRkx3qMW5EJI9s2rs7db6s2ZWsU0LBbNesTdTzO7MhlLi95ONRczLbn7RH7ZDhTACDb1M0udQ==",
            "secondary_readonly_mongodb_connection_string": "mongodb://shgss-ade-cosmosdb:h5kIVClMDqjAQKRkx3qMW5EJI9s2rs7db6s2ZWsU0LBbNesTdTzO7MhlLi95ONRczLbn7RH7ZDhTACDb1M0udQ==@shgss-ade-cosmosdb.mongo.cosmos.azure.com:10255/?ssl=true\u0026replicaSet=globaldb\u0026retrywrites=false\u0026maxIdleTimeMS=120000\u0026appName=@shgss-ade-cosmosdb@",
            "secondary_readonly_sql_connection_string": null,
            "secondary_sql_connection_string": null,
            "tags": null,
            "timeouts": null,
            "virtual_network_rule": [],
            "write_endpoints": [
              "https://shgss-ade-cosmosdb-westus.documents.azure.com:443/"
            ]
          },
          "sensitive_attributes": [],
          "private": "eyJlMmJmYjczMC1lY2FhLTExZTYtOGY4OC0zNDM2M2JjN2M0YzAiOnsiY3JlYXRlIjoxMDgwMDAwMDAwMDAwMCwiZGVsZXRlIjoxMDgwMDAwMDAwMDAwMCwicmVhZCI6MzAwMDAwMDAwMDAwLCJ1cGRhdGUiOjEwODAwMDAwMDAwMDAwfX0=",
          "dependencies": [
            "data.azurerm_client_config.current",
            "module.key_vault.azurerm_key_vault.key_vault",
            "module.key_vault.azurerm_key_vault_access_policy.key_vault_access_policy",
            "module.resource_group.azurerm_resource_group.example"
          ]
        }
      ]
    },
    {
      "module": "module.key_vault",
      "mode": "managed",
      "type": "azurerm_key_vault",
      "name": "key_vault",
      "provider": "provider[\"registry.terraform.io/hashicorp/azurerm\"]",
      "instances": [
        {
          "schema_version": 2,
          "attributes": {
            "access_policy": [],
            "contact": [],
            "enable_rbac_authorization": false,
            "enabled_for_deployment": false,
            "enabled_for_disk_encryption": true,
            "enabled_for_template_deployment": false,
            "id": "/subscriptions/5c66000a-f260-44d9-8000-23d39fa71609/resourceGroups/shgss-ade-rg/providers/Microsoft.KeyVault/vaults/shgss-ade-kv001",
            "location": "northeurope",
            "name": "shgss-ade-kv001",
            "network_acls": [
              {
                "bypass": "AzureServices",
                "default_action": "Allow",
                "ip_rules": [],
                "virtual_network_subnet_ids": []
              }
            ],
            "public_network_access_enabled": true,
            "purge_protection_enabled": false,
            "resource_group_name": "shgss-ade-rg",
            "sku_name": "standard",
            "soft_delete_retention_days": 7,
            "tags": null,
            "tenant_id": "891bfe1d-052b-4d04-8367-761b7cd2e1a3",
            "timeouts": null,
            "vault_uri": "https://shgss-ade-kv001.vault.azure.net/"
          },
          "sensitive_attributes": [],
          "private": "eyJlMmJmYjczMC1lY2FhLTExZTYtOGY4OC0zNDM2M2JjN2M0YzAiOnsiY3JlYXRlIjoxODAwMDAwMDAwMDAwLCJkZWxldGUiOjE4MDAwMDAwMDAwMDAsInJlYWQiOjMwMDAwMDAwMDAwMCwidXBkYXRlIjoxODAwMDAwMDAwMDAwfSwic2NoZW1hX3ZlcnNpb24iOiIyIn0=",
          "dependencies": [
            "data.azurerm_client_config.current",
            "module.resource_group.azurerm_resource_group.example"
          ]
        }
      ]
    },
    {
      "module": "module.key_vault",
      "mode": "managed",
      "type": "azurerm_key_vault_access_policy",
      "name": "key_vault_access_policy",
      "provider": "provider[\"registry.terraform.io/hashicorp/azurerm\"]",
      "instances": [
        {
          "schema_version": 0,
          "attributes": {
            "application_id": null,
            "certificate_permissions": null,
            "id": "/subscriptions/5c66000a-f260-44d9-8000-23d39fa71609/resourceGroups/shgss-ade-rg/providers/Microsoft.KeyVault/vaults/shgss-ade-kv001/objectId/8782c581-73de-4963-aab3-05aec3931509",
            "key_permissions": [
              "List"
            ],
            "key_vault_id": "/subscriptions/5c66000a-f260-44d9-8000-23d39fa71609/resourceGroups/shgss-ade-rg/providers/Microsoft.KeyVault/vaults/shgss-ade-kv001",
            "object_id": "8782c581-73de-4963-aab3-05aec3931509",
            "secret_permissions": [
              "Get",
              "List",
              "Set",
              "Delete",
              "Purge"
            ],
            "storage_permissions": null,
            "tenant_id": "891bfe1d-052b-4d04-8367-761b7cd2e1a3",
            "timeouts": null
          },
          "sensitive_attributes": [],
          "private": "eyJlMmJmYjczMC1lY2FhLTExZTYtOGY4OC0zNDM2M2JjN2M0YzAiOnsiY3JlYXRlIjoxODAwMDAwMDAwMDAwLCJkZWxldGUiOjE4MDAwMDAwMDAwMDAsInJlYWQiOjMwMDAwMDAwMDAwMCwidXBkYXRlIjoxODAwMDAwMDAwMDAwfX0=",
          "dependencies": [
            "data.azurerm_client_config.current",
            "module.key_vault.azurerm_key_vault.key_vault",
            "module.resource_group.azurerm_resource_group.example"
          ]
        }
      ]
    },
    {
      "module": "module.key_vault_secret",
      "mode": "managed",
      "type": "azurerm_key_vault_secret",
      "name": "key_vault_secret",
      "provider": "provider[\"registry.terraform.io/hashicorp/azurerm\"]",
      "instances": [
        {
          "index_key": "cosmos-db-primary-key",
          "schema_version": 0,
          "attributes": {
            "content_type": "",
            "expiration_date": null,
            "id": "https://shgss-ade-kv001.vault.azure.net/secrets/cosmos-db-primary-key/6fe9d56280be4c9287c7b7e210d8a505",
            "key_vault_id": "/subscriptions/5c66000a-f260-44d9-8000-23d39fa71609/resourceGroups/shgss-ade-rg/providers/Microsoft.KeyVault/vaults/shgss-ade-kv001",
            "name": "cosmos-db-primary-key",
            "not_before_date": null,
            "resource_id": "/subscriptions/5c66000a-f260-44d9-8000-23d39fa71609/resourceGroups/shgss-ade-rg/providers/Microsoft.KeyVault/vaults/shgss-ade-kv001/secrets/cosmos-db-primary-key/versions/6fe9d56280be4c9287c7b7e210d8a505",
            "resource_versionless_id": "/subscriptions/5c66000a-f260-44d9-8000-23d39fa71609/resourceGroups/shgss-ade-rg/providers/Microsoft.KeyVault/vaults/shgss-ade-kv001/secrets/cosmos-db-primary-key",
            "tags": null,
            "timeouts": null,
            "value": "0inTxuHNMEBL2XcC69QNhbRkZ4VHC0lsIdG7Mh8ptJeOW9L62bfDmOYWvLrAkviIxRoBJIKYXyaNACDbjkCxjw==",
            "version": "6fe9d56280be4c9287c7b7e210d8a505",
            "versionless_id": "https://shgss-ade-kv001.vault.azure.net/secrets/cosmos-db-primary-key"
          },
          "sensitive_attributes": [
            [
              {
                "type": "get_attr",
                "value": "value"
              }
            ]
          ],
          "private": "eyJlMmJmYjczMC1lY2FhLTExZTYtOGY4OC0zNDM2M2JjN2M0YzAiOnsiY3JlYXRlIjoxODAwMDAwMDAwMDAwLCJkZWxldGUiOjE4MDAwMDAwMDAwMDAsInJlYWQiOjE4MDAwMDAwMDAwMDAsInVwZGF0ZSI6MTgwMDAwMDAwMDAwMH19",
          "dependencies": [
            "data.azurerm_client_config.current",
            "module.cosmosdb_account.azurerm_cosmosdb_account.db",
            "module.key_vault.azurerm_key_vault.key_vault",
            "module.key_vault.azurerm_key_vault_access_policy.key_vault_access_policy",
            "module.resource_group.azurerm_resource_group.example"
          ]
        },
        {
          "index_key": "cosmos-db-secondary-key",
          "schema_version": 0,
          "attributes": {
            "content_type": "",
            "expiration_date": null,
            "id": "https://shgss-ade-kv001.vault.azure.net/secrets/cosmos-db-secondary-key/a6c638d89c0e46f2b395c72b776732c0",
            "key_vault_id": "/subscriptions/5c66000a-f260-44d9-8000-23d39fa71609/resourceGroups/shgss-ade-rg/providers/Microsoft.KeyVault/vaults/shgss-ade-kv001",
            "name": "cosmos-db-secondary-key",
            "not_before_date": null,
            "resource_id": "/subscriptions/5c66000a-f260-44d9-8000-23d39fa71609/resourceGroups/shgss-ade-rg/providers/Microsoft.KeyVault/vaults/shgss-ade-kv001/secrets/cosmos-db-secondary-key/versions/a6c638d89c0e46f2b395c72b776732c0",
            "resource_versionless_id": "/subscriptions/5c66000a-f260-44d9-8000-23d39fa71609/resourceGroups/shgss-ade-rg/providers/Microsoft.KeyVault/vaults/shgss-ade-kv001/secrets/cosmos-db-secondary-key",
            "tags": null,
            "timeouts": null,
            "value": "UDMuVZlOjWr0NPzPDHZPPctV6FbtiZeZgI5um5bpVGLRLq5ZNQy7Fuzig83fKNuEFle5YpvdD4X6ACDbDi2t7Q==",
            "version": "a6c638d89c0e46f2b395c72b776732c0",
            "versionless_id": "https://shgss-ade-kv001.vault.azure.net/secrets/cosmos-db-secondary-key"
          },
          "sensitive_attributes": [
            [
              {
                "type": "get_attr",
                "value": "value"
              }
            ]
          ],
          "private": "eyJlMmJmYjczMC1lY2FhLTExZTYtOGY4OC0zNDM2M2JjN2M0YzAiOnsiY3JlYXRlIjoxODAwMDAwMDAwMDAwLCJkZWxldGUiOjE4MDAwMDAwMDAwMDAsInJlYWQiOjE4MDAwMDAwMDAwMDAsInVwZGF0ZSI6MTgwMDAwMDAwMDAwMH19",
          "dependencies": [
            "data.azurerm_client_config.current",
            "module.cosmosdb_account.azurerm_cosmosdb_account.db",
            "module.key_vault.azurerm_key_vault.key_vault",
            "module.key_vault.azurerm_key_vault_access_policy.key_vault_access_policy",
            "module.resource_group.azurerm_resource_group.example"
          ]
        }
      ]
    },
    {
      "module": "module.key_vault_secret",
      "mode": "managed",
      "type": "random_password",
      "name": "random_password",
      "provider": "provider[\"registry.terraform.io/hashicorp/random\"]",
      "instances": [
        {
          "schema_version": 3,
          "attributes": {
            "bcrypt_hash": "$2a$10$z44WKB1M0SNB15N2eh23ZuSGV4TzaKJeCcYs/GpEf4D0iSO1A3X8y",
            "id": "none",
            "keepers": null,
            "length": 20,
            "lower": true,
            "min_lower": 0,
            "min_numeric": 0,
            "min_special": 0,
            "min_upper": 0,
            "number": true,
            "numeric": true,
            "override_special": null,
            "result": "P9$r]{uxZO$IJgsdD6T{",
            "special": true,
            "upper": true
          },
          "sensitive_attributes": [],
          "dependencies": [
            "data.azurerm_client_config.current",
            "module.cosmosdb_account.azurerm_cosmosdb_account.db",
            "module.key_vault.azurerm_key_vault.key_vault",
            "module.key_vault.azurerm_key_vault_access_policy.key_vault_access_policy",
            "module.resource_group.azurerm_resource_group.example"
          ]
        }
      ]
    },
    {
      "module": "module.resource_group",
      "mode": "managed",
      "type": "azurerm_resource_group",
      "name": "example",
      "provider": "provider[\"registry.terraform.io/hashicorp/azurerm\"]",
      "instances": [
        {
          "schema_version": 0,
          "attributes": {
            "id": "/subscriptions/5c66000a-f260-44d9-8000-23d39fa71609/resourceGroups/shgss-ade-rg",
            "location": "northeurope",
            "managed_by": "",
            "name": "shgss-ade-rg",
            "tags": {
              "cost": "163",
              "dept": "finance",
              "env": "dev",
              "source": "terraform"
            },
            "timeouts": null
          },
          "sensitive_attributes": [],
          "private": "eyJlMmJmYjczMC1lY2FhLTExZTYtOGY4OC0zNDM2M2JjN2M0YzAiOnsiY3JlYXRlIjo1NDAwMDAwMDAwMDAwLCJkZWxldGUiOjU0MDAwMDAwMDAwMDAsInJlYWQiOjMwMDAwMDAwMDAwMCwidXBkYXRlIjo1NDAwMDAwMDAwMDAwfX0="
        }
      ]
    }
  ],
  "check_results": null
}
